
Microsoft Visual Studio Solution File, Format Version 12.00
# Visual Studio Version 16
VisualStudioVersion = 16.0.30002.214
MinimumVisualStudioVersion = 10.0.40219.1
Project("{9A19103F-16F7-4668-BE54-9A1E7A4F7556}") = "SampleApp", "SampleApp.csproj", "{571A5D28-B543-4A13-9701-BABCF060DE03}"
EndProject
Global
	GlobalSection(SolutionConfigurationPlatforms) = preSolution
		Debug|Any CPU = Debug|Any CPU
		Release|Any CPU = Release|Any CPU
	EndGlobalSection
	GlobalSection(ProjectConfigurationPlatforms) = postSolution
		{571A5D28-B543-4A13-9701-BABCF060DE03}.Debug|Any CPU.ActiveCfg = Debug|Any CPU
		{571A5D28-B543-4A13-9701-BABCF060DE03}.Debug|Any CPU.Build.0 = Debug|Any CPU
		{571A5D28-B543-4A13-9701-BABCF060DE03}.Release|Any CPU.ActiveCfg = Release|Any CPU
		{571A5D28-B543-4A13-9701-BABCF060DE03}.Release|Any CPU.Build.0 = Release|Any CPU
	EndGlobalSection
	GlobalSection(SolutionProperties) = preSolution
		HideSolutionNode = FALSE
	EndGlobalSection
	GlobalSection(ExtensibilityGlobals) = postSolution
		SolutionGuid = {73CBC4EB-B0D1-40B5-9120-69E20E0C6E77}
	EndGlobalSection
EndGlobal
